
Microsoft Visual Studio Solution File, Format Version 12.00
# Visual Studio Version 17
VisualStudioVersion = 17.12.35707.178 d17.12
MinimumVisualStudioVersion = 10.0.40219.1
Project("{FAE04EC0-301F-11D3-BF4B-00C04F79EFBC}") = "JewelryApp.API", "..\src\JewelryApp.API\JewelryApp.API.csproj", "{167348B2-2B3A-4AB7-9E91-EBD3999C7851}"
EndProject
Project("{FAE04EC0-301F-11D3-BF4B-00C04F79EFBC}") = "JewelryApp.Application", "JewelryApp.Application\JewelryApp.Application.csproj", "{18EF82EB-B2C6-4767-9A53-2A193D1B8C36}"
EndProject
Project("{FAE04EC0-301F-11D3-BF4B-00C04F79EFBC}") = "JewelryApp.Domain", "JewelryApp.Domain\JewelryApp.Domain.csproj", "{B7ECC0B9-1E8E-4DF2-82BE-2FB0146B9B2E}"
EndProject
Project("{FAE04EC0-301F-11D3-BF4B-00C04F79EFBC}") = "JewelryApp.Infrastructure", "JewelryApp.Infrastructure\JewelryApp.Infrastructure.csproj", "{D4726069-BD64-4393-84E3-907A4FB325E7}"
EndProject
Global
	GlobalSection(SolutionConfigurationPlatforms) = preSolution
		Debug|Any CPU = Debug|Any CPU
		Release|Any CPU = Release|Any CPU
	EndGlobalSection
	GlobalSection(ProjectConfigurationPlatforms) = postSolution
		{167348B2-2B3A-4AB7-9E91-EBD3999C7851}.Debug|Any CPU.ActiveCfg = Debug|Any CPU
		{167348B2-2B3A-4AB7-9E91-EBD3999C7851}.Debug|Any CPU.Build.0 = Debug|Any CPU
		{167348B2-2B3A-4AB7-9E91-EBD3999C7851}.Release|Any CPU.ActiveCfg = Release|Any CPU
		{167348B2-2B3A-4AB7-9E91-EBD3999C7851}.Release|Any CPU.Build.0 = Release|Any CPU
		{18EF82EB-B2C6-4767-9A53-2A193D1B8C36}.Debug|Any CPU.ActiveCfg = Debug|Any CPU
		{18EF82EB-B2C6-4767-9A53-2A193D1B8C36}.Debug|Any CPU.Build.0 = Debug|Any CPU
		{18EF82EB-B2C6-4767-9A53-2A193D1B8C36}.Release|Any CPU.ActiveCfg = Release|Any CPU
		{18EF82EB-B2C6-4767-9A53-2A193D1B8C36}.Release|Any CPU.Build.0 = Release|Any CPU
		{B7ECC0B9-1E8E-4DF2-82BE-2FB0146B9B2E}.Debug|Any CPU.ActiveCfg = Debug|Any CPU
		{B7ECC0B9-1E8E-4DF2-82BE-2FB0146B9B2E}.Debug|Any CPU.Build.0 = Debug|Any CPU
		{B7ECC0B9-1E8E-4DF2-82BE-2FB0146B9B2E}.Release|Any CPU.ActiveCfg = Release|Any CPU
		{B7ECC0B9-1E8E-4DF2-82BE-2FB0146B9B2E}.Release|Any CPU.Build.0 = Release|Any CPU
		{D4726069-BD64-4393-84E3-907A4FB325E7}.Debug|Any CPU.ActiveCfg = Debug|Any CPU
		{D4726069-BD64-4393-84E3-907A4FB325E7}.Debug|Any CPU.Build.0 = Debug|Any CPU
		{D4726069-BD64-4393-84E3-907A4FB325E7}.Release|Any CPU.ActiveCfg = Release|Any CPU
		{D4726069-BD64-4393-84E3-907A4FB325E7}.Release|Any CPU.Build.0 = Release|Any CPU
	EndGlobalSection
	GlobalSection(SolutionProperties) = preSolution
		HideSolutionNode = FALSE
	EndGlobalSection
EndGlobal
