Microsoft Visual Studio Solution File, Format Version 12.00
# Visual Studio Version 17
VisualStudioVersion = 17.5.2.0
MinimumVisualStudioVersion = 10.0.40219.1
Project("{FAE04EC0-301F-11D3-BF4B-00C04F79EFBC}") = "JewerlyApp.API", "JewerlyApp.API\JewerlyApp.API.csproj", "{DF32E60E-2AF0-A43E-FB1C-B6E46602AD23}"
EndProject
Project("{FAE04EC0-301F-11D3-BF4B-00C04F79EFBC}") = "JewerlyApp.Application", "JewerlyApp.Application\JewerlyApp.Application.csproj", "{7B3ACDCC-6557-6CFE-B291-DC697B7030E3}"
EndProject
Project("{FAE04EC0-301F-11D3-BF4B-00C04F79EFBC}") = "JewerlyApp.Domain", "JewerlyApp.Domain\JewerlyApp.Domain.csproj", "{72748986-1BD5-B861-92F4-1DC62EBA47A7}"
EndProject
Project("{FAE04EC0-301F-11D3-BF4B-00C04F79EFBC}") = "JewerlyApp.Infrastructure", "JewerlyApp.Infrastructure\JewerlyApp.Infrastructure.csproj", "{35ADA504-24EC-D49E-EE41-F18D8A760138}"
EndProject
Global
	GlobalSection(SolutionConfigurationPlatforms) = preSolution
		Debug|Any CPU = Debug|Any CPU
		Release|Any CPU = Release|Any CPU
	EndGlobalSection
	GlobalSection(ProjectConfigurationPlatforms) = postSolution
		{DF32E60E-2AF0-A43E-FB1C-B6E46602AD23}.Debug|Any CPU.ActiveCfg = Debug|Any CPU
		{DF32E60E-2AF0-A43E-FB1C-B6E46602AD23}.Debug|Any CPU.Build.0 = Debug|Any CPU
		{DF32E60E-2AF0-A43E-FB1C-B6E46602AD23}.Release|Any CPU.ActiveCfg = Release|Any CPU
		{DF32E60E-2AF0-A43E-FB1C-B6E46602AD23}.Release|Any CPU.Build.0 = Release|Any CPU
		{7B3ACDCC-6557-6CFE-B291-DC697B7030E3}.Debug|Any CPU.ActiveCfg = Debug|Any CPU
		{7B3ACDCC-6557-6CFE-B291-DC697B7030E3}.Debug|Any CPU.Build.0 = Debug|Any CPU
		{7B3ACDCC-6557-6CFE-B291-DC697B7030E3}.Release|Any CPU.ActiveCfg = Release|Any CPU
		{7B3ACDCC-6557-6CFE-B291-DC697B7030E3}.Release|Any CPU.Build.0 = Release|Any CPU
		{72748986-1BD5-B861-92F4-1DC62EBA47A7}.Debug|Any CPU.ActiveCfg = Debug|Any CPU
		{72748986-1BD5-B861-92F4-1DC62EBA47A7}.Debug|Any CPU.Build.0 = Debug|Any CPU
		{72748986-1BD5-B861-92F4-1DC62EBA47A7}.Release|Any CPU.ActiveCfg = Release|Any CPU
		{72748986-1BD5-B861-92F4-1DC62EBA47A7}.Release|Any CPU.Build.0 = Release|Any CPU
		{35ADA504-24EC-D49E-EE41-F18D8A760138}.Debug|Any CPU.ActiveCfg = Debug|Any CPU
		{35ADA504-24EC-D49E-EE41-F18D8A760138}.Debug|Any CPU.Build.0 = Debug|Any CPU
		{35ADA504-24EC-D49E-EE41-F18D8A760138}.Release|Any CPU.ActiveCfg = Release|Any CPU
		{35ADA504-24EC-D49E-EE41-F18D8A760138}.Release|Any CPU.Build.0 = Release|Any CPU
	EndGlobalSection
	GlobalSection(SolutionProperties) = preSolution
		HideSolutionNode = FALSE
	EndGlobalSection
	GlobalSection(ExtensibilityGlobals) = postSolution
		SolutionGuid = {52B431C3-1185-4F7F-A2D1-1983AB6820E1}
	EndGlobalSection
EndGlobal
